
Microsoft Visual Studio Solution File, Format Version 12.00
# Visual Studio Version 16
VisualStudioVersion = 16.0.31019.35
MinimumVisualStudioVersion = 10.0.40219.1
Project("{FAE04EC0-301F-11D3-BF4B-00C04F79EFBC}") = "Web410716665", "Web410716665\Web410716665.csproj", "{78B9F1E6-C7AF-4D52-8EC2-67E475FB11B8}"
EndProject
Global
	GlobalSection(SolutionConfigurationPlatforms) = preSolution
		Debug|Any CPU = Debug|Any CPU
		Release|Any CPU = Release|Any CPU
	EndGlobalSection
	GlobalSection(ProjectConfigurationPlatforms) = postSolution
		{78B9F1E6-C7AF-4D52-8EC2-67E475FB11B8}.Debug|Any CPU.ActiveCfg = Debug|Any CPU
		{78B9F1E6-C7AF-4D52-8EC2-67E475FB11B8}.Debug|Any CPU.Build.0 = Debug|Any CPU
		{78B9F1E6-C7AF-4D52-8EC2-67E475FB11B8}.Release|Any CPU.ActiveCfg = Release|Any CPU
		{78B9F1E6-C7AF-4D52-8EC2-67E475FB11B8}.Release|Any CPU.Build.0 = Release|Any CPU
	EndGlobalSection
	GlobalSection(SolutionProperties) = preSolution
		HideSolutionNode = FALSE
	EndGlobalSection
	GlobalSection(ExtensibilityGlobals) = postSolution
		SolutionGuid = {5340147C-AB94-4501-A4FC-9E6458502977}
	EndGlobalSection
EndGlobal
